
Microsoft Visual Studio Solution File, Format Version 12.00
# Visual Studio 15
VisualStudioVersion = 15.0.27428.2015
MinimumVisualStudioVersion = 10.0.40219.1
Project("{FAE04EC0-301F-11D3-BF4B-00C04F79EFBC}") = "NU_RobotContest2018_Sim", "NU_RobotContest2018_Sim\NU_RobotContest2018_Sim.csproj", "{17328AC6-ABB8-4FE0-9FD8-9922E98B30BC}"
EndProject
Global
	GlobalSection(SolutionConfigurationPlatforms) = preSolution
		Debug|Any CPU = Debug|Any CPU
		Release|Any CPU = Release|Any CPU
	EndGlobalSection
	GlobalSection(ProjectConfigurationPlatforms) = postSolution
		{17328AC6-ABB8-4FE0-9FD8-9922E98B30BC}.Debug|Any CPU.ActiveCfg = Debug|Any CPU
		{17328AC6-ABB8-4FE0-9FD8-9922E98B30BC}.Debug|Any CPU.Build.0 = Debug|Any CPU
		{17328AC6-ABB8-4FE0-9FD8-9922E98B30BC}.Release|Any CPU.ActiveCfg = Release|Any CPU
		{17328AC6-ABB8-4FE0-9FD8-9922E98B30BC}.Release|Any CPU.Build.0 = Release|Any CPU
	EndGlobalSection
	GlobalSection(SolutionProperties) = preSolution
		HideSolutionNode = FALSE
	EndGlobalSection
	GlobalSection(ExtensibilityGlobals) = postSolution
		SolutionGuid = {7DD3EFC6-CD9D-4DF3-A135-A7A93A7C66B8}
	EndGlobalSection
EndGlobal
